
Microsoft Visual Studio Solution File, Format Version 12.00
# Visual Studio Version 17
VisualStudioVersion = 17.8.34511.84
MinimumVisualStudioVersion = 10.0.40219.1
Project("{2150E333-8FDC-42A3-9474-1A3956D46DE8}") = "src", "src", "{03AD529E-5D3C-4273-AF18-C5A6BE482E8B}"
EndProject
Project("{2150E333-8FDC-42A3-9474-1A3956D46DE8}") = "test", "test", "{DCBE2FF0-9CF7-4D83-A93A-9422D0E03449}"
EndProject
Project("{2150E333-8FDC-42A3-9474-1A3956D46DE8}") = "Domain", "Domain", "{45E41B5B-B2B0-4A51-B478-1FB3E2EA45BA}"
EndProject
Project("{2150E333-8FDC-42A3-9474-1A3956D46DE8}") = "Application", "Application", "{80683C61-E42C-4D7F-B144-50AE7854D0F6}"
EndProject
Project("{2150E333-8FDC-42A3-9474-1A3956D46DE8}") = "Infra", "Infra", "{7A5A2B29-46F1-4409-965B-E3B8E66B8085}"
EndProject
Project("{2150E333-8FDC-42A3-9474-1A3956D46DE8}") = "Api", "Api", "{FD5F2F89-6DA8-46EE-8EB5-3B63807962F6}"
EndProject
Project("{FAE04EC0-301F-11D3-BF4B-00C04F79EFBC}") = "CQRSTarefas.Domain", "src\CQRSTarefas.Domain\CQRSTarefas.Domain.csproj", "{D15405E0-1DFF-4EF1-8BD0-28F7C89F3969}"
EndProject
Project("{FAE04EC0-301F-11D3-BF4B-00C04F79EFBC}") = "CQRSTarefas.Infra", "src\CQRSTarefas.Infra\CQRSTarefas.Infra.csproj", "{1F03C14D-2052-4069-8C55-6E18557CA605}"
EndProject
Project("{FAE04EC0-301F-11D3-BF4B-00C04F79EFBC}") = "CQRSTarefas.Application", "src\CQRSTarefas.Application\CQRSTarefas.Application.csproj", "{1BC58EC4-1B81-489E-BCAB-7FE4CE13ACC3}"
EndProject
Project("{FAE04EC0-301F-11D3-BF4B-00C04F79EFBC}") = "CQRSTarefas.Api", "src\CQRSTarefas.Api\CQRSTarefas.Api.csproj", "{523F04DC-61E9-4786-B882-64F62B1B0907}"
EndProject
Project("{2150E333-8FDC-42A3-9474-1A3956D46DE8}") = "Tarefa", "Tarefa", "{AC7B1988-8221-4C17-9242-326C3000D8C7}"
EndProject
Project("{FAE04EC0-301F-11D3-BF4B-00C04F79EFBC}") = "CQRSTarefas.Test", "test\CQRSTarefas.Test\CQRSTarefas.Test.csproj", "{C4C93BB1-0790-4025-A998-13DD7EE92AD8}"
EndProject
Global
	GlobalSection(SolutionConfigurationPlatforms) = preSolution
		Debug|Any CPU = Debug|Any CPU
		Release|Any CPU = Release|Any CPU
	EndGlobalSection
	GlobalSection(ProjectConfigurationPlatforms) = postSolution
		{D15405E0-1DFF-4EF1-8BD0-28F7C89F3969}.Debug|Any CPU.ActiveCfg = Debug|Any CPU
		{D15405E0-1DFF-4EF1-8BD0-28F7C89F3969}.Debug|Any CPU.Build.0 = Debug|Any CPU
		{D15405E0-1DFF-4EF1-8BD0-28F7C89F3969}.Release|Any CPU.ActiveCfg = Release|Any CPU
		{D15405E0-1DFF-4EF1-8BD0-28F7C89F3969}.Release|Any CPU.Build.0 = Release|Any CPU
		{1F03C14D-2052-4069-8C55-6E18557CA605}.Debug|Any CPU.ActiveCfg = Debug|Any CPU
		{1F03C14D-2052-4069-8C55-6E18557CA605}.Debug|Any CPU.Build.0 = Debug|Any CPU
		{1F03C14D-2052-4069-8C55-6E18557CA605}.Release|Any CPU.ActiveCfg = Release|Any CPU
		{1F03C14D-2052-4069-8C55-6E18557CA605}.Release|Any CPU.Build.0 = Release|Any CPU
		{1BC58EC4-1B81-489E-BCAB-7FE4CE13ACC3}.Debug|Any CPU.ActiveCfg = Debug|Any CPU
		{1BC58EC4-1B81-489E-BCAB-7FE4CE13ACC3}.Debug|Any CPU.Build.0 = Debug|Any CPU
		{1BC58EC4-1B81-489E-BCAB-7FE4CE13ACC3}.Release|Any CPU.ActiveCfg = Release|Any CPU
		{1BC58EC4-1B81-489E-BCAB-7FE4CE13ACC3}.Release|Any CPU.Build.0 = Release|Any CPU
		{523F04DC-61E9-4786-B882-64F62B1B0907}.Debug|Any CPU.ActiveCfg = Debug|Any CPU
		{523F04DC-61E9-4786-B882-64F62B1B0907}.Debug|Any CPU.Build.0 = Debug|Any CPU
		{523F04DC-61E9-4786-B882-64F62B1B0907}.Release|Any CPU.ActiveCfg = Release|Any CPU
		{523F04DC-61E9-4786-B882-64F62B1B0907}.Release|Any CPU.Build.0 = Release|Any CPU
		{C4C93BB1-0790-4025-A998-13DD7EE92AD8}.Debug|Any CPU.ActiveCfg = Debug|Any CPU
		{C4C93BB1-0790-4025-A998-13DD7EE92AD8}.Debug|Any CPU.Build.0 = Debug|Any CPU
		{C4C93BB1-0790-4025-A998-13DD7EE92AD8}.Release|Any CPU.ActiveCfg = Release|Any CPU
		{C4C93BB1-0790-4025-A998-13DD7EE92AD8}.Release|Any CPU.Build.0 = Release|Any CPU
	EndGlobalSection
	GlobalSection(SolutionProperties) = preSolution
		HideSolutionNode = FALSE
	EndGlobalSection
	GlobalSection(NestedProjects) = preSolution
		{45E41B5B-B2B0-4A51-B478-1FB3E2EA45BA} = {03AD529E-5D3C-4273-AF18-C5A6BE482E8B}
		{80683C61-E42C-4D7F-B144-50AE7854D0F6} = {03AD529E-5D3C-4273-AF18-C5A6BE482E8B}
		{7A5A2B29-46F1-4409-965B-E3B8E66B8085} = {03AD529E-5D3C-4273-AF18-C5A6BE482E8B}
		{FD5F2F89-6DA8-46EE-8EB5-3B63807962F6} = {03AD529E-5D3C-4273-AF18-C5A6BE482E8B}
		{D15405E0-1DFF-4EF1-8BD0-28F7C89F3969} = {45E41B5B-B2B0-4A51-B478-1FB3E2EA45BA}
		{1F03C14D-2052-4069-8C55-6E18557CA605} = {7A5A2B29-46F1-4409-965B-E3B8E66B8085}
		{1BC58EC4-1B81-489E-BCAB-7FE4CE13ACC3} = {80683C61-E42C-4D7F-B144-50AE7854D0F6}
		{523F04DC-61E9-4786-B882-64F62B1B0907} = {FD5F2F89-6DA8-46EE-8EB5-3B63807962F6}
		{AC7B1988-8221-4C17-9242-326C3000D8C7} = {DCBE2FF0-9CF7-4D83-A93A-9422D0E03449}
		{C4C93BB1-0790-4025-A998-13DD7EE92AD8} = {AC7B1988-8221-4C17-9242-326C3000D8C7}
	EndGlobalSection
	GlobalSection(ExtensibilityGlobals) = postSolution
		SolutionGuid = {5114665E-ABF9-4C57-9D54-AEE3286A1B68}
	EndGlobalSection
EndGlobal
